// !$*UTF8*$!
{
	archiveVersion = 1;
	classes = {
	};
	objectVersion = 46;
	objects = {

/* Begin PBXBuildFile section */
		07CEAC651E6E1A1E003C31B0 /* main.cpp in Sources */ = {isa = PBXBuildFile; fileRef = 07CEAC641E6E1A1E003C31B0 /* main.cpp */; };
		07CEAC771E6E1C9B003C31B0 /* OpenGL.framework in Frameworks */ = {isa = PBXBuildFile; fileRef = 07CEAC761E6E1C9B003C31B0 /* OpenGL.framework */; };
		07CEAC791E6E1CC8003C31B0 /* SDL2.framework in Frameworks */ = {isa = PBXBuildFile; fileRef = 07CEAC781E6E1CC8003C31B0 /* SDL2.framework */; };
/* End PBXBuildFile section */

/* Begin PBXCopyFilesBuildPhase section */
		07CEAC5F1E6E1A1E003C31B0 /* CopyFiles */ = {
			isa = PBXCopyFilesBuildPhase;
			buildActionMask = 2147483647;
			dstPath = /usr/share/man/man1/;
			dstSubfolderSpec = 0;
			files = (
			);
			runOnlyForDeploymentPostprocessing = 1;
		};
/* End PBXCopyFilesBuildPhase section */

/* Begin PBXFileReference section */
		07CEAC611E6E1A1E003C31B0 /* EarthquakeVisualization */ = {isa = PBXFileReference; explicitFileType = "compiled.mach-o.executable"; includeInIndex = 0; path = EarthquakeVisualization; sourceTree = BUILT_PRODUCTS_DIR; };
		07CEAC641E6E1A1E003C31B0 /* main.cpp */ = {isa = PBXFileReference; lastKnownFileType = sourcecode.cpp.cpp; path = main.cpp; sourceTree = "<group>"; };
		07CEAC6B1E6E1BB3003C31B0 /* camera.hpp */ = {isa = PBXFileReference; fileEncoding = 4; lastKnownFileType = sourcecode.cpp.h; path = camera.hpp; sourceTree = "<group>"; };
		07CEAC6C1E6E1BB3003C31B0 /* config.hpp */ = {isa = PBXFileReference; fileEncoding = 4; lastKnownFileType = sourcecode.cpp.h; path = config.hpp; sourceTree = "<group>"; };
		07CEAC6D1E6E1BB3003C31B0 /* draw.hpp */ = {isa = PBXFileReference; fileEncoding = 4; lastKnownFileType = sourcecode.cpp.h; path = draw.hpp; sourceTree = "<group>"; };
		07CEAC6E1E6E1BB3003C31B0 /* earth.hpp */ = {isa = PBXFileReference; fileEncoding = 4; lastKnownFileType = sourcecode.cpp.h; path = earth.hpp; sourceTree = "<group>"; };
		07CEAC6F1E6E1BB3003C31B0 /* engine.hpp */ = {isa = PBXFileReference; fileEncoding = 4; lastKnownFileType = sourcecode.cpp.h; path = engine.hpp; sourceTree = "<group>"; };
		07CEAC701E6E1BB3003C31B0 /* graphics.hpp */ = {isa = PBXFileReference; fileEncoding = 4; lastKnownFileType = sourcecode.cpp.h; path = graphics.hpp; sourceTree = "<group>"; };
		07CEAC721E6E1BB3003C31B0 /* quake.hpp */ = {isa = PBXFileReference; fileEncoding = 4; lastKnownFileType = sourcecode.cpp.h; path = quake.hpp; sourceTree = "<group>"; };
		07CEAC731E6E1BB3003C31B0 /* text.hpp */ = {isa = PBXFileReference; fileEncoding = 4; lastKnownFileType = sourcecode.cpp.h; path = text.hpp; sourceTree = "<group>"; };
		07CEAC761E6E1C9B003C31B0 /* OpenGL.framework */ = {isa = PBXFileReference; lastKnownFileType = wrapper.framework; name = OpenGL.framework; path = System/Library/Frameworks/OpenGL.framework; sourceTree = SDKROOT; };
		07CEAC781E6E1CC8003C31B0 /* SDL2.framework */ = {isa = PBXFileReference; lastKnownFileType = wrapper.framework; name = SDL2.framework; path = ../../../../../Library/Frameworks/SDL2.framework; sourceTree = "<group>"; };
/* End PBXFileReference section */

/* Begin PBXFrameworksBuildPhase section */
		07CEAC5E1E6E1A1E003C31B0 /* Frameworks */ = {
			isa = PBXFrameworksBuildPhase;
			buildActionMask = 2147483647;
			files = (
				07CEAC791E6E1CC8003C31B0 /* SDL2.framework in Frameworks */,
				07CEAC771E6E1C9B003C31B0 /* OpenGL.framework in Frameworks */,
			);
			runOnlyForDeploymentPostprocessing = 0;
		};
/* End PBXFrameworksBuildPhase section */

/* Begin PBXGroup section */
		07CEAC581E6E1A1E003C31B0 = {
			isa = PBXGroup;
			children = (
				07CEAC631E6E1A1E003C31B0 /* EarthquakeVisualization */,
				07CEAC621E6E1A1E003C31B0 /* Products */,
				07CEAC751E6E1C9B003C31B0 /* Frameworks */,
			);
			sourceTree = "<group>";
		};
		07CEAC621E6E1A1E003C31B0 /* Products */ = {
			isa = PBXGroup;
			children = (
				07CEAC611E6E1A1E003C31B0 /* EarthquakeVisualization */,
			);
			name = Products;
			sourceTree = "<group>";
		};
		07CEAC631E6E1A1E003C31B0 /* EarthquakeVisualization */ = {
			isa = PBXGroup;
			children = (
				07CEAC641E6E1A1E003C31B0 /* main.cpp */,
				07CEAC6B1E6E1BB3003C31B0 /* camera.hpp */,
				07CEAC6C1E6E1BB3003C31B0 /* config.hpp */,
				07CEAC6D1E6E1BB3003C31B0 /* draw.hpp */,
				07CEAC6E1E6E1BB3003C31B0 /* earth.hpp */,
				07CEAC6F1E6E1BB3003C31B0 /* engine.hpp */,
				07CEAC701E6E1BB3003C31B0 /* graphics.hpp */,
				07CEAC721E6E1BB3003C31B0 /* quake.hpp */,
				07CEAC731E6E1BB3003C31B0 /* text.hpp */,
			);
			path = EarthquakeVisualization;
			sourceTree = "<group>";
		};
		07CEAC751E6E1C9B003C31B0 /* Frameworks */ = {
			isa = PBXGroup;
			children = (
				07CEAC781E6E1CC8003C31B0 /* SDL2.framework */,
				07CEAC761E6E1C9B003C31B0 /* OpenGL.framework */,
			);
			name = Frameworks;
			sourceTree = "<group>";
		};
/* End PBXGroup section */

/* Begin PBXNativeTarget section */
		07CEAC601E6E1A1E003C31B0 /* EarthquakeVisualization */ = {
			isa = PBXNativeTarget;
			buildConfigurationList = 07CEAC681E6E1A1E003C31B0 /* Build configuration list for PBXNativeTarget "EarthquakeVisualization" */;
			buildPhases = (
				07CEAC5D1E6E1A1E003C31B0 /* Sources */,
				07CEAC5E1E6E1A1E003C31B0 /* Frameworks */,
				07CEAC5F1E6E1A1E003C31B0 /* CopyFiles */,
			);
			buildRules = (
			);
			dependencies = (
			);
			name = EarthquakeVisualization;
			productName = EarthquakeVisualization;
			productReference = 07CEAC611E6E1A1E003C31B0 /* EarthquakeVisualization */;
			productType = "com.apple.product-type.tool";
		};
/* End PBXNativeTarget section */

/* Begin PBXProject section */
		07CEAC591E6E1A1E003C31B0 /* Project object */ = {
			isa = PBXProject;
			attributes = {
				LastUpgradeCheck = 0800;
				ORGANIZATIONNAME = Tiannan;
				TargetAttributes = {
					07CEAC601E6E1A1E003C31B0 = {
						CreatedOnToolsVersion = 8.0;
						ProvisioningStyle = Automatic;
					};
				};
			};
			buildConfigurationList = 07CEAC5C1E6E1A1E003C31B0 /* Build configuration list for PBXProject "EarthquakeVisualization" */;
			compatibilityVersion = "Xcode 3.2";
			developmentRegion = English;
			hasScannedForEncodings = 0;
			knownRegions = (
				en,
			);
			mainGroup = 07CEAC581E6E1A1E003C31B0;
			productRefGroup = 07CEAC621E6E1A1E003C31B0 /* Products */;
			projectDirPath = "";
			projectRoot = "";
			targets = (
				07CEAC601E6E1A1E003C31B0 /* EarthquakeVisualization */,
			);
		};
/* End PBXProject section */

/* Begin PBXSourcesBuildPhase section */
		07CEAC5D1E6E1A1E003C31B0 /* Sources */ = {
			isa = PBXSourcesBuildPhase;
			buildActionMask = 2147483647;
			files = (
				07CEAC651E6E1A1E003C31B0 /* main.cpp in Sources */,
			);
			runOnlyForDeploymentPostprocessing = 0;
		};
/* End PBXSourcesBuildPhase section */

/* Begin XCBuildConfiguration section */
		07CEAC661E6E1A1E003C31B0 /* Debug */ = {
			isa = XCBuildConfiguration;
			buildSettings = {
				ALWAYS_SEARCH_USER_PATHS = NO;
				CLANG_ANALYZER_NONNULL = YES;
				CLANG_CXX_LANGUAGE_STANDARD = "gnu++0x";
				CLANG_CXX_LIBRARY = "libc++";
				CLANG_ENABLE_MODULES = YES;
				CLANG_ENABLE_OBJC_ARC = YES;
				CLANG_WARN_BOOL_CONVERSION = YES;
				CLANG_WARN_CONSTANT_CONVERSION = YES;
				CLANG_WARN_DIRECT_OBJC_ISA_USAGE = YES_ERROR;
				CLANG_WARN_DOCUMENTATION_COMMENTS = YES;
				CLANG_WARN_EMPTY_BODY = YES;
				CLANG_WARN_ENUM_CONVERSION = YES;
				CLANG_WARN_INFINITE_RECURSION = YES;
				CLANG_WARN_INT_CONVERSION = YES;
				CLANG_WARN_OBJC_ROOT_CLASS = YES_ERROR;
				CLANG_WARN_SUSPICIOUS_MOVES = YES;
				CLANG_WARN_UNREACHABLE_CODE = YES;
				CLANG_WARN__DUPLICATE_METHOD_MATCH = YES;
				CODE_SIGN_IDENTITY = "-";
				COPY_PHASE_STRIP = NO;
				DEBUG_INFORMATION_FORMAT = dwarf;
				ENABLE_STRICT_OBJC_MSGSEND = YES;
				ENABLE_TESTABILITY = YES;
				GCC_C_LANGUAGE_STANDARD = gnu99;
				GCC_DYNAMIC_NO_PIC = NO;
				GCC_NO_COMMON_BLOCKS = YES;
				GCC_OPTIMIZATION_LEVEL = 0;
				GCC_PREPROCESSOR_DEFINITIONS = (
					"DEBUG=1",
					"$(inherited)",
				);
				GCC_WARN_64_TO_32_BIT_CONVERSION = YES;
				GCC_WARN_ABOUT_RETURN_TYPE = YES_ERROR;
				GCC_WARN_UNDECLARED_SELECTOR = YES;
				GCC_WARN_UNINITIALIZED_AUTOS = YES_AGGRESSIVE;
				GCC_WARN_UNUSED_FUNCTION = YES;
				GCC_WARN_UNUSED_VARIABLE = YES;
				MACOSX_DEPLOYMENT_TARGET = 10.11;
				MTL_ENABLE_DEBUG_INFO = YES;
				ONLY_ACTIVE_ARCH = YES;
				SDKROOT = macosx;
			};
			name = Debug;
		};
		07CEAC671E6E1A1E003C31B0 /* Release */ = {
			isa = XCBuildConfiguration;
			buildSettings = {
				ALWAYS_SEARCH_USER_PATHS = NO;
				CLANG_ANALYZER_NONNULL = YES;
				CLANG_CXX_LANGUAGE_STANDARD = "gnu++0x";
				CLANG_CXX_LIBRARY = "libc++";
				CLANG_ENABLE_MODULES = YES;
				CLANG_ENABLE_OBJC_ARC = YES;
				CLANG_WARN_BOOL_CONVERSION = YES;
				CLANG_WARN_CONSTANT_CONVERSION = YES;
				CLANG_WARN_DIRECT_OBJC_ISA_USAGE = YES_ERROR;
				CLANG_WARN_DOCUMENTATION_COMMENTS = YES;
				CLANG_WARN_EMPTY_BODY = YES;
				CLANG_WARN_ENUM_CONVERSION = YES;
				CLANG_WARN_INFINITE_RECURSION = YES;
				CLANG_WARN_INT_CONVERSION = YES;
				CLANG_WARN_OBJC_ROOT_CLASS = YES_ERROR;
				CLANG_WARN_SUSPICIOUS_MOVES = YES;
				CLANG_WARN_UNREACHABLE_CODE = YES;
				CLANG_WARN__DUPLICATE_METHOD_MATCH = YES;
				CODE_SIGN_IDENTITY = "-";
				COPY_PHASE_STRIP = NO;
				DEBUG_INFORMATION_FORMAT = "dwarf-with-dsym";
				ENABLE_NS_ASSERTIONS = NO;
				ENABLE_STRICT_OBJC_MSGSEND = YES;
				GCC_C_LANGUAGE_STANDARD = gnu99;
				GCC_NO_COMMON_BLOCKS = YES;
				GCC_WARN_64_TO_32_BIT_CONVERSION = YES;
				GCC_WARN_ABOUT_RETURN_TYPE = YES_ERROR;
				GCC_WARN_UNDECLARED_SELECTOR = YES;
				GCC_WARN_UNINITIALIZED_AUTOS = YES_AGGRESSIVE;
				GCC_WARN_UNUSED_FUNCTION = YES;
				GCC_WARN_UNUSED_VARIABLE = YES;
				MACOSX_DEPLOYMENT_TARGET = 10.11;
				MTL_ENABLE_DEBUG_INFO = NO;
				SDKROOT = macosx;
			};
			name = Release;
		};
		07CEAC691E6E1A1E003C31B0 /* Debug */ = {
			isa = XCBuildConfiguration;
			buildSettings = {
				FRAMEWORK_SEARCH_PATHS = (
					"$(inherited)",
					"$(LOCAL_LIBRARY_DIR)/Frameworks",
				);
				PRODUCT_NAME = "$(TARGET_NAME)";
			};
			name = Debug;
		};
		07CEAC6A1E6E1A1E003C31B0 /* Release */ = {
			isa = XCBuildConfiguration;
			buildSettings = {
				FRAMEWORK_SEARCH_PATHS = (
					"$(inherited)",
					"$(LOCAL_LIBRARY_DIR)/Frameworks",
				);
				PRODUCT_NAME = "$(TARGET_NAME)";
			};
			name = Release;
		};
/* End XCBuildConfiguration section */

/* Begin XCConfigurationList section */
		07CEAC5C1E6E1A1E003C31B0 /* Build configuration list for PBXProject "EarthquakeVisualization" */ = {
			isa = XCConfigurationList;
			buildConfigurations = (
				07CEAC661E6E1A1E003C31B0 /* Debug */,
				07CEAC671E6E1A1E003C31B0 /* Release */,
			);
			defaultConfigurationIsVisible = 0;
			defaultConfigurationName = Release;
		};
		07CEAC681E6E1A1E003C31B0 /* Build configuration list for PBXNativeTarget "EarthquakeVisualization" */ = {
			isa = XCConfigurationList;
			buildConfigurations = (
				07CEAC691E6E1A1E003C31B0 /* Debug */,
				07CEAC6A1E6E1A1E003C31B0 /* Release */,
			);
			defaultConfigurationIsVisible = 0;
			defaultConfigurationName = Release;
		};
/* End XCConfigurationList section */
	};
	rootObject = 07CEAC591E6E1A1E003C31B0 /* Project object */;
}
